PODS:
  - Alamofire (4.7.2)
  - AlamofireImage (3.3.1):
    - Alamofire (~> 4.5)
  - Kingfisher (4.8.0)
  - SwiftyJSON (3.1.4)

DEPENDENCIES:
  - Alamofire
  - AlamofireImage (~> 3.3)
  - Kingfisher (~> 4.0)
  - SwiftyJSON

SPEC REPOS:
  https://github.com/cocoapods/specs.git:
    - Alamofire
    - AlamofireImage
    - Kingfisher
    - SwiftyJSON

SPEC CHECKSUMS:
  Alamofire: e4fa87002c137ba2d8d634d2c51fabcda0d5c223
  AlamofireImage: 3b35b586853abaf94ca1250f4e94cff3c21a4c0d
  Kingfisher: 976d828df2b24834c6a3f2fc4d82cdbd26552be1
  SwiftyJSON: c2842d878f95482ffceec5709abc3d05680c0220

PODFILE CHECKSUM: 614ad91af2b59d321385539d3b252d441cbf44e4

COCOAPODS: 1.5.3
